
Microsoft Visual Studio Solution File, Format Version 12.00
# Visual Studio 15
VisualStudioVersion = 15.0.28010.2041
MinimumVisualStudioVersion = 10.0.40219.1
Project("{FAE04EC0-301F-11D3-BF4B-00C04F79EFBC}") = "HW6", "HW6\HW6.csproj", "{6AE6BB55-EEC7-4BBE-8809-EDA0E0679617}"
EndProject
Global
	GlobalSection(SolutionConfigurationPlatforms) = preSolution
		Debug|Any CPU = Debug|Any CPU
		Release|Any CPU = Release|Any CPU
	EndGlobalSection
	GlobalSection(ProjectConfigurationPlatforms) = postSolution
		{6AE6BB55-EEC7-4BBE-8809-EDA0E0679617}.Debug|Any CPU.ActiveCfg = Debug|Any CPU
		{6AE6BB55-EEC7-4BBE-8809-EDA0E0679617}.Debug|Any CPU.Build.0 = Debug|Any CPU
		{6AE6BB55-EEC7-4BBE-8809-EDA0E0679617}.Release|Any CPU.ActiveCfg = Release|Any CPU
		{6AE6BB55-EEC7-4BBE-8809-EDA0E0679617}.Release|Any CPU.Build.0 = Release|Any CPU
	EndGlobalSection
	GlobalSection(SolutionProperties) = preSolution
		HideSolutionNode = FALSE
	EndGlobalSection
	GlobalSection(ExtensibilityGlobals) = postSolution
		SolutionGuid = {0142593B-7260-4C1F-AEBC-F3E97045E665}
	EndGlobalSection
EndGlobal
