
Microsoft Visual Studio Solution File, Format Version 12.00
# Visual Studio 15
VisualStudioVersion = 15.0.28010.2041
MinimumVisualStudioVersion = 10.0.40219.1
Project("{FAE04EC0-301F-11D3-BF4B-00C04F79EFBC}") = "HW7", "HW7\HW7.csproj", "{DDB5F62B-7D8B-4739-A07C-41BEEF8E02D9}"
EndProject
Global
	GlobalSection(SolutionConfigurationPlatforms) = preSolution
		Debug|Any CPU = Debug|Any CPU
		Release|Any CPU = Release|Any CPU
	EndGlobalSection
	GlobalSection(ProjectConfigurationPlatforms) = postSolution
		{DDB5F62B-7D8B-4739-A07C-41BEEF8E02D9}.Debug|Any CPU.ActiveCfg = Debug|Any CPU
		{DDB5F62B-7D8B-4739-A07C-41BEEF8E02D9}.Debug|Any CPU.Build.0 = Debug|Any CPU
		{DDB5F62B-7D8B-4739-A07C-41BEEF8E02D9}.Release|Any CPU.ActiveCfg = Release|Any CPU
		{DDB5F62B-7D8B-4739-A07C-41BEEF8E02D9}.Release|Any CPU.Build.0 = Release|Any CPU
	EndGlobalSection
	GlobalSection(SolutionProperties) = preSolution
		HideSolutionNode = FALSE
	EndGlobalSection
	GlobalSection(ExtensibilityGlobals) = postSolution
		SolutionGuid = {36F9D452-BAC1-464D-A09B-A7CDE2964CB9}
	EndGlobalSection
EndGlobal
